
Microsoft Visual Studio Solution File, Format Version 12.00
# Visual Studio Version 17
VisualStudioVersion = 17.4.33213.308
MinimumVisualStudioVersion = 10.0.40219.1
Project("{9A19103F-16F7-4668-BE54-9A1E7A4F7556}") = "MagicVilla_VillaApi", "MagicVilla_VillaApi\MagicVilla_VillaApi.csproj", "{26A5B036-26B7-461F-8CE1-0A0D22D0DF91}"
EndProject
Project("{9A19103F-16F7-4668-BE54-9A1E7A4F7556}") = "MagicVilla_Web", "MagicVilla_Web\MagicVilla_Web.csproj", "{0EE9D758-C8E9-428C-B5AD-7C5E64C3F192}"
EndProject
Project("{9A19103F-16F7-4668-BE54-9A1E7A4F7556}") = "MagicVilla_Utility", "MagicVilla_Utility\MagicVilla_Utility.csproj", "{799FBA0E-0558-443B-9061-ED7E8B9D3950}"
EndProject
Global
	GlobalSection(SolutionConfigurationPlatforms) = preSolution
		Debug|Any CPU = Debug|Any CPU
		Release|Any CPU = Release|Any CPU
	EndGlobalSection
	GlobalSection(ProjectConfigurationPlatforms) = postSolution
		{26A5B036-26B7-461F-8CE1-0A0D22D0DF91}.Debug|Any CPU.ActiveCfg = Debug|Any CPU
		{26A5B036-26B7-461F-8CE1-0A0D22D0DF91}.Debug|Any CPU.Build.0 = Debug|Any CPU
		{26A5B036-26B7-461F-8CE1-0A0D22D0DF91}.Release|Any CPU.ActiveCfg = Release|Any CPU
		{26A5B036-26B7-461F-8CE1-0A0D22D0DF91}.Release|Any CPU.Build.0 = Release|Any CPU
		{0EE9D758-C8E9-428C-B5AD-7C5E64C3F192}.Debug|Any CPU.ActiveCfg = Debug|Any CPU
		{0EE9D758-C8E9-428C-B5AD-7C5E64C3F192}.Debug|Any CPU.Build.0 = Debug|Any CPU
		{0EE9D758-C8E9-428C-B5AD-7C5E64C3F192}.Release|Any CPU.ActiveCfg = Release|Any CPU
		{0EE9D758-C8E9-428C-B5AD-7C5E64C3F192}.Release|Any CPU.Build.0 = Release|Any CPU
		{799FBA0E-0558-443B-9061-ED7E8B9D3950}.Debug|Any CPU.ActiveCfg = Debug|Any CPU
		{799FBA0E-0558-443B-9061-ED7E8B9D3950}.Debug|Any CPU.Build.0 = Debug|Any CPU
		{799FBA0E-0558-443B-9061-ED7E8B9D3950}.Release|Any CPU.ActiveCfg = Release|Any CPU
		{799FBA0E-0558-443B-9061-ED7E8B9D3950}.Release|Any CPU.Build.0 = Release|Any CPU
	EndGlobalSection
	GlobalSection(SolutionProperties) = preSolution
		HideSolutionNode = FALSE
	EndGlobalSection
	GlobalSection(ExtensibilityGlobals) = postSolution
		SolutionGuid = {965A42F4-FD4C-4DC1-A5AF-2126465FD3FB}
	EndGlobalSection
EndGlobal
